
Microsoft Visual Studio Solution File, Format Version 12.00
Project("{FAE04EC0-301F-11D3-BF4B-00C04F79EFBC}") = "StudienimportService", "StudienimportService\StudienimportService.csproj", "{CED0D212-9BBE-4BE9-87DB-320864CB66DF}"
EndProject
Project("{FAE04EC0-301F-11D3-BF4B-00C04F79EFBC}") = "StudienFileConverter", "StudienFileConverter\StudienFileConverter.csproj", "{892AA4DC-DF0E-4EFD-9E05-73B3260495D2}"
EndProject
Global
	GlobalSection(SolutionConfigurationPlatforms) = preSolution
		Debug|Any CPU = Debug|Any CPU
		Release|Any CPU = Release|Any CPU
	EndGlobalSection
	GlobalSection(ProjectConfigurationPlatforms) = postSolution
		{CED0D212-9BBE-4BE9-87DB-320864CB66DF}.Debug|Any CPU.ActiveCfg = Debug|Any CPU
		{CED0D212-9BBE-4BE9-87DB-320864CB66DF}.Debug|Any CPU.Build.0 = Debug|Any CPU
		{CED0D212-9BBE-4BE9-87DB-320864CB66DF}.Release|Any CPU.ActiveCfg = Release|Any CPU
		{CED0D212-9BBE-4BE9-87DB-320864CB66DF}.Release|Any CPU.Build.0 = Release|Any CPU
		{892AA4DC-DF0E-4EFD-9E05-73B3260495D2}.Debug|Any CPU.ActiveCfg = Debug|Any CPU
		{892AA4DC-DF0E-4EFD-9E05-73B3260495D2}.Debug|Any CPU.Build.0 = Debug|Any CPU
		{892AA4DC-DF0E-4EFD-9E05-73B3260495D2}.Release|Any CPU.ActiveCfg = Release|Any CPU
		{892AA4DC-DF0E-4EFD-9E05-73B3260495D2}.Release|Any CPU.Build.0 = Release|Any CPU
	EndGlobalSection
EndGlobal
